
Microsoft Visual Studio Solution File, Format Version 12.00
# Visual Studio 15
VisualStudioVersion = 15.0.28307.572
MinimumVisualStudioVersion = 10.0.40219.1
Project("{FAE04EC0-301F-11D3-BF4B-00C04F79EFBC}") = "OgrenciHobi", "OgrenciHobi\OgrenciHobi.csproj", "{92A3DC3E-B050-44A4-8BFA-368335E4ED4F}"
EndProject
Global
	GlobalSection(SolutionConfigurationPlatforms) = preSolution
		Debug|Any CPU = Debug|Any CPU
		Release|Any CPU = Release|Any CPU
	EndGlobalSection
	GlobalSection(ProjectConfigurationPlatforms) = postSolution
		{92A3DC3E-B050-44A4-8BFA-368335E4ED4F}.Debug|Any CPU.ActiveCfg = Debug|Any CPU
		{92A3DC3E-B050-44A4-8BFA-368335E4ED4F}.Debug|Any CPU.Build.0 = Debug|Any CPU
		{92A3DC3E-B050-44A4-8BFA-368335E4ED4F}.Release|Any CPU.ActiveCfg = Release|Any CPU
		{92A3DC3E-B050-44A4-8BFA-368335E4ED4F}.Release|Any CPU.Build.0 = Release|Any CPU
	EndGlobalSection
	GlobalSection(SolutionProperties) = preSolution
		HideSolutionNode = FALSE
	EndGlobalSection
	GlobalSection(ExtensibilityGlobals) = postSolution
		SolutionGuid = {08B142FD-CCB1-4C34-9087-B844D7511A1A}
	EndGlobalSection
EndGlobal
